// !$*UTF8*$!
{
	archiveVersion = 1;
	classes = {
	};
	objectVersion = 50;
	objects = {

/* Begin PBXBuildFile section */
		341B5DE22560D16F00B469A5 /* world.cpp in Sources */ = {isa = PBXBuildFile; fileRef = 341B5DE02560D16F00B469A5 /* world.cpp */; };
		341B5DE52560D28E00B469A5 /* sprite_node.cpp in Sources */ = {isa = PBXBuildFile; fileRef = 341B5DE32560D28E00B469A5 /* sprite_node.cpp */; };
		347D0867255F740700A38229 /* resource_holder.inl in Resources */ = {isa = PBXBuildFile; fileRef = 347D0866255F740700A38229 /* resource_holder.inl */; };
		34833596255894D4000E98F6 /* game.cpp in Sources */ = {isa = PBXBuildFile; fileRef = 34833594255894D4000E98F6 /* game.cpp */; };
		34DB0DF2255B682700D0445B /* entities.cpp in Sources */ = {isa = PBXBuildFile; fileRef = 34DB0DF0255B682700D0445B /* entities.cpp */; };
		34DB0DF5255C964A00D0445B /* scene_node.cpp in Sources */ = {isa = PBXBuildFile; fileRef = 34DB0DF3255C964A00D0445B /* scene_node.cpp */; };
		34DBBE71254E30F200B74D5A /* main.cpp in Sources */ = {isa = PBXBuildFile; fileRef = 34DBBE70254E30F200B74D5A /* main.cpp */; };
/* End PBXBuildFile section */

/* Begin PBXFileReference section */
		341B5DE02560D16F00B469A5 /* world.cpp */ = {isa = PBXFileReference; lastKnownFileType = sourcecode.cpp.cpp; path = world.cpp; sourceTree = "<group>"; };
		341B5DE12560D16F00B469A5 /* world.hpp */ = {isa = PBXFileReference; lastKnownFileType = sourcecode.cpp.h; path = world.hpp; sourceTree = "<group>"; };
		341B5DE32560D28E00B469A5 /* sprite_node.cpp */ = {isa = PBXFileReference; lastKnownFileType = sourcecode.cpp.cpp; path = sprite_node.cpp; sourceTree = "<group>"; };
		341B5DE42560D28E00B469A5 /* sprite_node.hpp */ = {isa = PBXFileReference; lastKnownFileType = sourcecode.cpp.h; path = sprite_node.hpp; sourceTree = "<group>"; };
		347D0864255F62C200A38229 /* resource_holder.hpp */ = {isa = PBXFileReference; lastKnownFileType = sourcecode.cpp.h; path = resource_holder.hpp; sourceTree = "<group>"; };
		347D0866255F740700A38229 /* resource_holder.inl */ = {isa = PBXFileReference; fileEncoding = 4; lastKnownFileType = text; path = resource_holder.inl; sourceTree = "<group>"; };
		347D0869255F899C00A38229 /* resource_identifiers.hpp */ = {isa = PBXFileReference; lastKnownFileType = sourcecode.cpp.h; path = resource_identifiers.hpp; sourceTree = "<group>"; };
		34833594255894D4000E98F6 /* game.cpp */ = {isa = PBXFileReference; lastKnownFileType = sourcecode.cpp.cpp; path = game.cpp; sourceTree = "<group>"; };
		34833595255894D4000E98F6 /* game.hpp */ = {isa = PBXFileReference; lastKnownFileType = sourcecode.cpp.h; path = game.hpp; sourceTree = "<group>"; };
		34DB0DF0255B682700D0445B /* entities.cpp */ = {isa = PBXFileReference; lastKnownFileType = sourcecode.cpp.cpp; path = entities.cpp; sourceTree = "<group>"; };
		34DB0DF1255B682700D0445B /* entities.hpp */ = {isa = PBXFileReference; lastKnownFileType = sourcecode.cpp.h; path = entities.hpp; sourceTree = "<group>"; };
		34DB0DF3255C964A00D0445B /* scene_node.cpp */ = {isa = PBXFileReference; lastKnownFileType = sourcecode.cpp.cpp; path = scene_node.cpp; sourceTree = "<group>"; };
		34DB0DF4255C964A00D0445B /* scene_node.hpp */ = {isa = PBXFileReference; lastKnownFileType = sourcecode.cpp.h; path = scene_node.hpp; sourceTree = "<group>"; };
		34DBBE68254E30F200B74D5A /* first_game.app */ = {isa = PBXFileReference; explicitFileType = wrapper.application; includeInIndex = 0; path = first_game.app; sourceTree = BUILT_PRODUCTS_DIR; };
		34DBBE70254E30F200B74D5A /* main.cpp */ = {isa = PBXFileReference; lastKnownFileType = sourcecode.cpp.cpp; path = main.cpp; sourceTree = "<group>"; };
		34DBBE80254E356A00B74D5A /* first_game.entitlements */ = {isa = PBXFileReference; lastKnownFileType = text.plist.entitlements; path = first_game.entitlements; sourceTree = "<group>"; };
/* End PBXFileReference section */

/* Begin PBXFrameworksBuildPhase section */
		34DBBE64254E30F200B74D5A /* Frameworks */ = {
			isa = PBXFrameworksBuildPhase;
			buildActionMask = 2147483647;
			files = (
			);
			runOnlyForDeploymentPostprocessing = 0;
		};
/* End PBXFrameworksBuildPhase section */

/* Begin PBXGroup section */
		34DBBE5E254E30F200B74D5A = {
			isa = PBXGroup;
			children = (
				34DBBE6A254E30F200B74D5A /* first_game */,
				34DBBE69254E30F200B74D5A /* Products */,
			);
			sourceTree = "<group>";
		};
		34DBBE69254E30F200B74D5A /* Products */ = {
			isa = PBXGroup;
			children = (
				34DBBE68254E30F200B74D5A /* first_game.app */,
			);
			name = Products;
			sourceTree = "<group>";
		};
		34DBBE6A254E30F200B74D5A /* first_game */ = {
			isa = PBXGroup;
			children = (
				34DBBE80254E356A00B74D5A /* first_game.entitlements */,
				34DBBE70254E30F200B74D5A /* main.cpp */,
				34833594255894D4000E98F6 /* game.cpp */,
				34833595255894D4000E98F6 /* game.hpp */,
				341B5DE02560D16F00B469A5 /* world.cpp */,
				341B5DE12560D16F00B469A5 /* world.hpp */,
				34DB0DF0255B682700D0445B /* entities.cpp */,
				34DB0DF1255B682700D0445B /* entities.hpp */,
				341B5DE32560D28E00B469A5 /* sprite_node.cpp */,
				341B5DE42560D28E00B469A5 /* sprite_node.hpp */,
				34DB0DF3255C964A00D0445B /* scene_node.cpp */,
				34DB0DF4255C964A00D0445B /* scene_node.hpp */,
				347D0866255F740700A38229 /* resource_holder.inl */,
				347D0864255F62C200A38229 /* resource_holder.hpp */,
				347D0869255F899C00A38229 /* resource_identifiers.hpp */,
			);
			path = first_game;
			sourceTree = "<group>";
		};
/* End PBXGroup section */

/* Begin PBXNativeTarget section */
		34DBBE67254E30F200B74D5A /* first_game */ = {
			isa = PBXNativeTarget;
			buildConfigurationList = 34DBBE7D254E30F200B74D5A /* Build configuration list for PBXNativeTarget "first_game" */;
			buildPhases = (
				34DBBE63254E30F200B74D5A /* Sources */,
				34DBBE64254E30F200B74D5A /* Frameworks */,
				34DBBE65254E30F200B74D5A /* Resources */,
				34DBBE66254E30F200B74D5A /* ShellScript */,
			);
			buildRules = (
			);
			dependencies = (
			);
			name = first_game;
			productName = first_game;
			productReference = 34DBBE68254E30F200B74D5A /* first_game.app */;
			productType = "com.apple.product-type.application";
		};
/* End PBXNativeTarget section */

/* Begin PBXProject section */
		34DBBE5F254E30F200B74D5A /* Project object */ = {
			isa = PBXProject;
			attributes = {
				LastUpgradeCheck = 1170;
				ORGANIZATIONNAME = "Yunus Syed";
				TargetAttributes = {
					34DBBE67254E30F200B74D5A = {
						CreatedOnToolsVersion = 11.7;
					};
				};
			};
			buildConfigurationList = 34DBBE62254E30F200B74D5A /* Build configuration list for PBXProject "first_game" */;
			compatibilityVersion = "Xcode 9.3";
			developmentRegion = en;
			hasScannedForEncodings = 0;
			knownRegions = (
				en,
				Base,
			);
			mainGroup = 34DBBE5E254E30F200B74D5A;
			productRefGroup = 34DBBE69254E30F200B74D5A /* Products */;
			projectDirPath = "";
			projectRoot = "";
			targets = (
				34DBBE67254E30F200B74D5A /* first_game */,
			);
		};
/* End PBXProject section */

/* Begin PBXResourcesBuildPhase section */
		34DBBE65254E30F200B74D5A /* Resources */ = {
			isa = PBXResourcesBuildPhase;
			buildActionMask = 2147483647;
			files = (
				347D0867255F740700A38229 /* resource_holder.inl in Resources */,
			);
			runOnlyForDeploymentPostprocessing = 0;
		};
/* End PBXResourcesBuildPhase section */

/* Begin PBXShellScriptBuildPhase section */
		34DBBE66254E30F200B74D5A /* ShellScript */ = {
			isa = PBXShellScriptBuildPhase;
			buildActionMask = 8;
			files = (
			);
			inputFileListPaths = (
			);
			inputPaths = (
			);
			outputFileListPaths = (
			);
			outputPaths = (
			);
			runOnlyForDeploymentPostprocessing = 1;
			shellPath = /bin/sh;
			shellScript = "# This shell script simply copies required SFML dylibs/frameworks into the application bundle frameworks folder.\n# If you're using static libraries (which is not recommended) you should remove this script from your project.\n\n# SETTINGS\nSFML_DEPENDENCIES_INSTALL_PREFIX=\"/Users/SFML/Desktop/packaging/tmp/install/Library/Frameworks\"\nCMAKE_INSTALL_FRAMEWORK_PREFIX=\"/Users/SFML/Desktop/packaging/tmp/install/Library/Frameworks\"\nCMAKE_INSTALL_LIB_PREFIX=\"/Users/SFML/Desktop/packaging/tmp/install/Library/Frameworks/lib\"\nFRAMEWORKS_FULL_PATH=\"$BUILT_PRODUCTS_DIR/$FRAMEWORKS_FOLDER_PATH/\"\n\n# Are we building a project that uses frameworks or dylibs?\ncase \"$SFML_BINARY_TYPE\" in\n    DYLIBS)\n        frameworks=\"false\"\n        ;;\n    *)\n        frameworks=\"true\"\n        ;;\nesac\n\n# Echoes to stderr\nerror () # $* message to display\n{\n    echo $* 1>&2\n    exit 2\n}\n\nassert () # $1 is a boolean, $2...N is an error message\n{\n    if [ $# -lt 2 ]\n    then\n        error \"Internal error in assert: not enough args\"\n    fi\n\n    if [ $1 -ne 0 ]\n    then\n        shift\n        error \"$*\"\n    fi\n}\n\nforce_remove () # $@ is some paths\n{\n    test $# -ge 1\n    assert $? \"force_remove() requires at least one parameter\"\n    rm -fr $@\n    assert $? \"couldn't remove $@\"\n}\n\ncopy () # $1 is a source, $2 is a destination\n{\n    test $# -eq 2\n    assert $? \"copy() requires two parameters\"\n    ditto \"$1\" \"$2\"\n    assert $? \"couldn't copy $1 to $2\"\n}\n\nrequire () # $1 is a SFML module like 'system' or 'audio'\n{\n    dest=\"$BUILT_PRODUCTS_DIR/$FRAMEWORKS_FOLDER_PATH/\"\n\n    if [ -z \"$1\" ]\n    then\n        error \"require() requires one parameter!\"\n    else\n        # clean potentially old stuff\n        force_remove \"$dest/libsfml-$1\"*\n        force_remove \"$dest/sfml-$1.framework\"\n\n        # copy SFML libraries\n        if [ \"$frameworks\" = \"true\" ]\n        then\n            source=\"$CMAKE_INSTALL_FRAMEWORK_PREFIX/sfml-$1.framework\"\n            target=\"sfml-$1.framework\"\n        elif [ \"$SFML_LINK_DYLIBS_SUFFIX\" = \"-d\" ]\n        then\n            source=\"$CMAKE_INSTALL_LIB_PREFIX/libsfml-$1-d.dylib\"\n            target=\"`readlink $source`\"\n        else\n            source=\"$CMAKE_INSTALL_LIB_PREFIX/libsfml-$1.dylib\"\n            target=\"`readlink $source`\"\n        fi\n\n        copy \"$source\" \"$dest/$target\"\n\n        # copy extra dependencies\n        if [ \"$1\" = \"audio\" ]\n        then\n            # copy \"FLAC\" \"ogg\" \"vorbis\" \"vorbisenc\" \"vorbisfile\" \"OpenAL\" frameworks too\n            for f in \"FLAC\" \"ogg\" \"vorbis\" \"vorbisenc\" \"vorbisfile\" \"OpenAL\"\n            do\n                copy \"$SFML_DEPENDENCIES_INSTALL_PREFIX/$f.framework\" \"$dest/$f.framework\"\n            done\n        elif [ \"$1\" = \"graphics\" ]\n        then\n            copy \"$SFML_DEPENDENCIES_INSTALL_PREFIX/freetype.framework\" \"$dest/freetype.framework\"\n        fi\n    fi\n}\n\nif [ -n \"$SFML_SYSTEM\" ]\nthen\n    require \"system\"\nfi\n\nif [ -n \"$SFML_AUDIO\" ]\nthen\n    require \"audio\"\nfi\n\nif [ -n \"$SFML_NETWORK\" ]\nthen\n    require \"network\"\nfi\n\nif [ -n \"$SFML_WINDOW\" ]\nthen\n    require \"window\"\nfi\n\nif [ -n \"$SFML_GRAPHICS\" ]\nthen\n    require \"graphics\"\nfi\n\n                \n";
		};
/* End PBXShellScriptBuildPhase section */

/* Begin PBXSourcesBuildPhase section */
		34DBBE63254E30F200B74D5A /* Sources */ = {
			isa = PBXSourcesBuildPhase;
			buildActionMask = 2147483647;
			files = (
				34DBBE71254E30F200B74D5A /* main.cpp in Sources */,
				341B5DE52560D28E00B469A5 /* sprite_node.cpp in Sources */,
				34DB0DF5255C964A00D0445B /* scene_node.cpp in Sources */,
				34DB0DF2255B682700D0445B /* entities.cpp in Sources */,
				341B5DE22560D16F00B469A5 /* world.cpp in Sources */,
				34833596255894D4000E98F6 /* game.cpp in Sources */,
			);
			runOnlyForDeploymentPostprocessing = 0;
		};
/* End PBXSourcesBuildPhase section */

/* Begin XCBuildConfiguration section */
		34DBBE7B254E30F200B74D5A /* Debug */ = {
			isa = XCBuildConfiguration;
			buildSettings = {
				ARCHS = "$(NATIVE_ARCH_ACTUAL)";
				CLANG_CXX_LANGUAGE_STANDARD = "c++11";
				CLANG_CXX_LIBRARY = "libc++";
				FRAMEWORK_SEARCH_PATHS = (
					/Library/Frameworks/,
					"$(inherited)",
				);
				GCC_VERSION = com.apple.compilers.llvm.clang.1_0;
				HEADER_SEARCH_PATHS = (
					/usr/local/include/,
					"$(inherited)",
				);
				LIBRARY_SEARCH_PATHS = (
					/usr/local/lib/,
					"$(inherited)",
				);
				MACOSX_DEPLOYMENT_TARGET = 10.7;
				OTHER_LDFLAGS = (
					"$(inherited)",
					"$(SFML_SYSTEM)",
					"$(SFML_WINDOW)",
					"$(SFML_GRAPHICS)",
					"$(SFML_AUDIO)",
					"$(SFML_NETWORK)",
				);
				SFML_AUDIO = "$(SFML_LINK_PREFIX) sfml-audio$(SFML_LINK_SUFFIX)";
				SFML_BINARY_TYPE = FRAMEWORKS;
				SFML_GRAPHICS = "$(SFML_LINK_PREFIX) sfml-graphics$(SFML_LINK_SUFFIX)";
				SFML_LINK_DYLIBS_PREFIX = "-l";
				SFML_LINK_DYLIBS_SUFFIX = "";
				SFML_LINK_FRAMEWORKS_PREFIX = "-framework";
				SFML_LINK_FRAMEWORKS_SUFFIX = "";
				SFML_LINK_PREFIX = "$(SFML_LINK_$(SFML_BINARY_TYPE)_PREFIX)";
				SFML_LINK_SUFFIX = "$(SFML_LINK_$(SFML_BINARY_TYPE)_SUFFIX)";
				SFML_NETWORK = "$(SFML_LINK_PREFIX) sfml-network$(SFML_LINK_SUFFIX)";
				SFML_SYSTEM = "$(SFML_LINK_PREFIX) sfml-system$(SFML_LINK_SUFFIX)";
				SFML_WINDOW = "$(SFML_LINK_PREFIX) sfml-window$(SFML_LINK_SUFFIX)";
				SUPPORTED_PLATFORMS = macosx;
			};
			name = Debug;
		};
		34DBBE7C254E30F200B74D5A /* Release */ = {
			isa = XCBuildConfiguration;
			buildSettings = {
				ARCHS = "$(NATIVE_ARCH_ACTUAL)";
				CLANG_CXX_LANGUAGE_STANDARD = "c++11";
				CLANG_CXX_LIBRARY = "libc++";
				FRAMEWORK_SEARCH_PATHS = (
					/Library/Frameworks/,
					"$(inherited)",
				);
				GCC_VERSION = com.apple.compilers.llvm.clang.1_0;
				HEADER_SEARCH_PATHS = (
					/usr/local/include/,
					"$(inherited)",
				);
				LIBRARY_SEARCH_PATHS = (
					/usr/local/lib/,
					"$(inherited)",
				);
				MACOSX_DEPLOYMENT_TARGET = 10.7;
				OTHER_LDFLAGS = (
					"$(inherited)",
					"$(SFML_SYSTEM)",
					"$(SFML_WINDOW)",
					"$(SFML_GRAPHICS)",
					"$(SFML_AUDIO)",
					"$(SFML_NETWORK)",
				);
				SFML_AUDIO = "$(SFML_LINK_PREFIX) sfml-audio$(SFML_LINK_SUFFIX)";
				SFML_BINARY_TYPE = FRAMEWORKS;
				SFML_GRAPHICS = "$(SFML_LINK_PREFIX) sfml-graphics$(SFML_LINK_SUFFIX)";
				SFML_LINK_DYLIBS_PREFIX = "-l";
				SFML_LINK_DYLIBS_SUFFIX = "";
				SFML_LINK_FRAMEWORKS_PREFIX = "-framework";
				SFML_LINK_FRAMEWORKS_SUFFIX = "";
				SFML_LINK_PREFIX = "$(SFML_LINK_$(SFML_BINARY_TYPE)_PREFIX)";
				SFML_LINK_SUFFIX = "$(SFML_LINK_$(SFML_BINARY_TYPE)_SUFFIX)";
				SFML_NETWORK = "$(SFML_LINK_PREFIX) sfml-network$(SFML_LINK_SUFFIX)";
				SFML_SYSTEM = "$(SFML_LINK_PREFIX) sfml-system$(SFML_LINK_SUFFIX)";
				SFML_WINDOW = "$(SFML_LINK_PREFIX) sfml-window$(SFML_LINK_SUFFIX)";
				SUPPORTED_PLATFORMS = macosx;
			};
			name = Release;
		};
		34DBBE7E254E30F200B74D5A /* Debug */ = {
			isa = XCBuildConfiguration;
			buildSettings = {
				CODE_SIGN_ENTITLEMENTS = first_game/first_game.entitlements;
				CODE_SIGN_STYLE = Automatic;
				ENABLE_HARDENED_RUNTIME = YES;
				INFOPLIST_FILE = "first_game/first_game-Info.plist";
				LD_RUNPATH_SEARCH_PATHS = "@loader_path/../Frameworks";
				PRODUCT_NAME = "$(TARGET_NAME)";
			};
			name = Debug;
		};
		34DBBE7F254E30F200B74D5A /* Release */ = {
			isa = XCBuildConfiguration;
			buildSettings = {
				CODE_SIGN_ENTITLEMENTS = first_game/first_game.entitlements;
				CODE_SIGN_STYLE = Automatic;
				ENABLE_HARDENED_RUNTIME = YES;
				INFOPLIST_FILE = "first_game/first_game-Info.plist";
				LD_RUNPATH_SEARCH_PATHS = "@loader_path/../Frameworks";
				PRODUCT_NAME = "$(TARGET_NAME)";
			};
			name = Release;
		};
/* End XCBuildConfiguration section */

/* Begin XCConfigurationList section */
		34DBBE62254E30F200B74D5A /* Build configuration list for PBXProject "first_game" */ = {
			isa = XCConfigurationList;
			buildConfigurations = (
				34DBBE7B254E30F200B74D5A /* Debug */,
				34DBBE7C254E30F200B74D5A /* Release */,
			);
			defaultConfigurationIsVisible = 0;
			defaultConfigurationName = Release;
		};
		34DBBE7D254E30F200B74D5A /* Build configuration list for PBXNativeTarget "first_game" */ = {
			isa = XCConfigurationList;
			buildConfigurations = (
				34DBBE7E254E30F200B74D5A /* Debug */,
				34DBBE7F254E30F200B74D5A /* Release */,
			);
			defaultConfigurationIsVisible = 0;
			defaultConfigurationName = Release;
		};
/* End XCConfigurationList section */
	};
	rootObject = 34DBBE5F254E30F200B74D5A /* Project object */;
}
